// !$*UTF8*$!
{
	archiveVersion = 1;
	classes = {
	};
	objectVersion = 46;
	objects = {

/* Begin PBXBuildFile section */
		1301812A1EACF8B100226BF4 /* substitution.swift in Sources */ = {isa = PBXBuildFile; fileRef = 130181291EACF8B100226BF4 /* substitution.swift */; };
		1301812C1EACFF0F00226BF4 /* type.swift in Sources */ = {isa = PBXBuildFile; fileRef = 1301812B1EACFF0F00226BF4 /* type.swift */; };
		1301812E1EAD000D00226BF4 /* value.swift in Sources */ = {isa = PBXBuildFile; fileRef = 1301812D1EAD000D00226BF4 /* value.swift */; };
		1329B1641EAC5521009E4AB9 /* dictionary.swift in Sources */ = {isa = PBXBuildFile; fileRef = 1329B1631EAC5521009E4AB9 /* dictionary.swift */; };
		1367B2C91EAA44E3002054BF /* annotate.swift in Sources */ = {isa = PBXBuildFile; fileRef = 1367B2C81EAA44E3002054BF /* annotate.swift */; };
		136A19581EABD74C00CF071B /* unifier.swift in Sources */ = {isa = PBXBuildFile; fileRef = 136A19571EABD74C00CF071B /* unifier.swift */; };
		13A66E571EABC7D3001BF4B4 /* constrain.swift in Sources */ = {isa = PBXBuildFile; fileRef = 13A66E561EABC7D3001BF4B4 /* constrain.swift */; };
		13B32D6C1EAEC17A004DD130 /* type-error.swift in Sources */ = {isa = PBXBuildFile; fileRef = 13B32D6B1EAEC17A004DD130 /* type-error.swift */; };
		13BBE5D71EAD288B00DA18BA /* elaborator.swift in Sources */ = {isa = PBXBuildFile; fileRef = 13BBE5D61EAD288B00DA18BA /* elaborator.swift */; };
		13CBF7F41EAA36BB00D7AA12 /* main.swift in Sources */ = {isa = PBXBuildFile; fileRef = 13CBF7ED1EAA36BB00D7AA12 /* main.swift */; };
		13CBF7F51EAA36BB00D7AA12 /* parser.swift in Sources */ = {isa = PBXBuildFile; fileRef = 13CBF7EE1EAA36BB00D7AA12 /* parser.swift */; };
		13CBF7F61EAA36BB00D7AA12 /* repl.swift in Sources */ = {isa = PBXBuildFile; fileRef = 13CBF7EF1EAA36BB00D7AA12 /* repl.swift */; };
		13CBF7F71EAA36BB00D7AA12 /* result.swift in Sources */ = {isa = PBXBuildFile; fileRef = 13CBF7F01EAA36BB00D7AA12 /* result.swift */; };
		13CBF7F81EAA36BB00D7AA12 /* stdlib.swift in Sources */ = {isa = PBXBuildFile; fileRef = 13CBF7F11EAA36BB00D7AA12 /* stdlib.swift */; };
		13CBF7F91EAA36BB00D7AA12 /* term.swift in Sources */ = {isa = PBXBuildFile; fileRef = 13CBF7F21EAA36BB00D7AA12 /* term.swift */; };
		13CBF7FA1EAA36BB00D7AA12 /* scanner.swift in Sources */ = {isa = PBXBuildFile; fileRef = 13CBF7F31EAA36BB00D7AA12 /* scanner.swift */; };
/* End PBXBuildFile section */

/* Begin PBXCopyFilesBuildPhase section */
		13CBF7E11EAA369200D7AA12 /* CopyFiles */ = {
			isa = PBXCopyFilesBuildPhase;
			buildActionMask = 2147483647;
			dstPath = /usr/share/man/man1/;
			dstSubfolderSpec = 0;
			files = (
			);
			runOnlyForDeploymentPostprocessing = 1;
		};
/* End PBXCopyFilesBuildPhase section */

/* Begin PBXFileReference section */
		130181291EACF8B100226BF4 /* substitution.swift */ = {isa = PBXFileReference; fileEncoding = 4; lastKnownFileType = sourcecode.swift; path = substitution.swift; sourceTree = "<group>"; };
		1301812B1EACFF0F00226BF4 /* type.swift */ = {isa = PBXFileReference; fileEncoding = 4; lastKnownFileType = sourcecode.swift; path = type.swift; sourceTree = "<group>"; };
		1301812D1EAD000D00226BF4 /* value.swift */ = {isa = PBXFileReference; fileEncoding = 4; lastKnownFileType = sourcecode.swift; path = value.swift; sourceTree = "<group>"; };
		1329B1631EAC5521009E4AB9 /* dictionary.swift */ = {isa = PBXFileReference; fileEncoding = 4; lastKnownFileType = sourcecode.swift; path = dictionary.swift; sourceTree = "<group>"; };
		1367B2C81EAA44E3002054BF /* annotate.swift */ = {isa = PBXFileReference; fileEncoding = 4; lastKnownFileType = sourcecode.swift; path = annotate.swift; sourceTree = "<group>"; };
		136A19571EABD74C00CF071B /* unifier.swift */ = {isa = PBXFileReference; fileEncoding = 4; lastKnownFileType = sourcecode.swift; path = unifier.swift; sourceTree = "<group>"; };
		13A66E561EABC7D3001BF4B4 /* constrain.swift */ = {isa = PBXFileReference; fileEncoding = 4; lastKnownFileType = sourcecode.swift; path = constrain.swift; sourceTree = "<group>"; };
		13B32D6B1EAEC17A004DD130 /* type-error.swift */ = {isa = PBXFileReference; fileEncoding = 4; lastKnownFileType = sourcecode.swift; path = "type-error.swift"; sourceTree = "<group>"; };
		13BBE5D61EAD288B00DA18BA /* elaborator.swift */ = {isa = PBXFileReference; fileEncoding = 4; lastKnownFileType = sourcecode.swift; path = elaborator.swift; sourceTree = "<group>"; };
		13CBF7E31EAA369200D7AA12 /* SwiftML */ = {isa = PBXFileReference; explicitFileType = "compiled.mach-o.executable"; includeInIndex = 0; path = SwiftML; sourceTree = BUILT_PRODUCTS_DIR; };
		13CBF7ED1EAA36BB00D7AA12 /* main.swift */ = {isa = PBXFileReference; fileEncoding = 4; lastKnownFileType = sourcecode.swift; path = main.swift; sourceTree = "<group>"; };
		13CBF7EE1EAA36BB00D7AA12 /* parser.swift */ = {isa = PBXFileReference; fileEncoding = 4; lastKnownFileType = sourcecode.swift; path = parser.swift; sourceTree = "<group>"; };
		13CBF7EF1EAA36BB00D7AA12 /* repl.swift */ = {isa = PBXFileReference; fileEncoding = 4; lastKnownFileType = sourcecode.swift; path = repl.swift; sourceTree = "<group>"; };
		13CBF7F01EAA36BB00D7AA12 /* result.swift */ = {isa = PBXFileReference; fileEncoding = 4; lastKnownFileType = sourcecode.swift; path = result.swift; sourceTree = "<group>"; };
		13CBF7F11EAA36BB00D7AA12 /* stdlib.swift */ = {isa = PBXFileReference; fileEncoding = 4; lastKnownFileType = sourcecode.swift; path = stdlib.swift; sourceTree = "<group>"; };
		13CBF7F21EAA36BB00D7AA12 /* term.swift */ = {isa = PBXFileReference; fileEncoding = 4; lastKnownFileType = sourcecode.swift; path = term.swift; sourceTree = "<group>"; };
		13CBF7F31EAA36BB00D7AA12 /* scanner.swift */ = {isa = PBXFileReference; fileEncoding = 4; lastKnownFileType = sourcecode.swift; path = scanner.swift; sourceTree = "<group>"; };
/* End PBXFileReference section */

/* Begin PBXFrameworksBuildPhase section */
		13CBF7E01EAA369200D7AA12 /* Frameworks */ = {
			isa = PBXFrameworksBuildPhase;
			buildActionMask = 2147483647;
			files = (
			);
			runOnlyForDeploymentPostprocessing = 0;
		};
/* End PBXFrameworksBuildPhase section */

/* Begin PBXGroup section */
		1329B1621EAC5514009E4AB9 /* Extension */ = {
			isa = PBXGroup;
			children = (
				1329B1631EAC5521009E4AB9 /* dictionary.swift */,
			);
			name = Extension;
			sourceTree = "<group>";
		};
		1367B2C71EAA448C002054BF /* Elaborator */ = {
			isa = PBXGroup;
			children = (
				1367B2C81EAA44E3002054BF /* annotate.swift */,
				13A66E561EABC7D3001BF4B4 /* constrain.swift */,
				13BBE5D61EAD288B00DA18BA /* elaborator.swift */,
				130181291EACF8B100226BF4 /* substitution.swift */,
				1301812B1EACFF0F00226BF4 /* type.swift */,
				13B32D6B1EAEC17A004DD130 /* type-error.swift */,
				136A19571EABD74C00CF071B /* unifier.swift */,
			);
			name = Elaborator;
			sourceTree = "<group>";
		};
		13CBF7DA1EAA369200D7AA12 = {
			isa = PBXGroup;
			children = (
				13CBF7E51EAA369200D7AA12 /* SwiftML */,
				13CBF7E41EAA369200D7AA12 /* Products */,
			);
			sourceTree = "<group>";
		};
		13CBF7E41EAA369200D7AA12 /* Products */ = {
			isa = PBXGroup;
			children = (
				13CBF7E31EAA369200D7AA12 /* SwiftML */,
			);
			name = Products;
			sourceTree = "<group>";
		};
		13CBF7E51EAA369200D7AA12 /* SwiftML */ = {
			isa = PBXGroup;
			children = (
				1367B2C71EAA448C002054BF /* Elaborator */,
				1329B1621EAC5514009E4AB9 /* Extension */,
				13CBF7ED1EAA36BB00D7AA12 /* main.swift */,
				13CBF7EE1EAA36BB00D7AA12 /* parser.swift */,
				13CBF7EF1EAA36BB00D7AA12 /* repl.swift */,
				13CBF7F01EAA36BB00D7AA12 /* result.swift */,
				13CBF7F31EAA36BB00D7AA12 /* scanner.swift */,
				13CBF7F11EAA36BB00D7AA12 /* stdlib.swift */,
				13CBF7F21EAA36BB00D7AA12 /* term.swift */,
				1301812D1EAD000D00226BF4 /* value.swift */,
			);
			path = SwiftML;
			sourceTree = "<group>";
		};
/* End PBXGroup section */

/* Begin PBXNativeTarget section */
		13CBF7E21EAA369200D7AA12 /* SwiftML */ = {
			isa = PBXNativeTarget;
			buildConfigurationList = 13CBF7EA1EAA369200D7AA12 /* Build configuration list for PBXNativeTarget "SwiftML" */;
			buildPhases = (
				13CBF7DF1EAA369200D7AA12 /* Sources */,
				13CBF7E01EAA369200D7AA12 /* Frameworks */,
				13CBF7E11EAA369200D7AA12 /* CopyFiles */,
			);
			buildRules = (
			);
			dependencies = (
			);
			name = SwiftML;
			productName = SwiftML;
			productReference = 13CBF7E31EAA369200D7AA12 /* SwiftML */;
			productType = "com.apple.product-type.tool";
		};
/* End PBXNativeTarget section */

/* Begin PBXProject section */
		13CBF7DB1EAA369200D7AA12 /* Project object */ = {
			isa = PBXProject;
			attributes = {
				LastSwiftUpdateCheck = 0830;
				LastUpgradeCheck = 1320;
				ORGANIZATIONNAME = "Ionuț G. Stan";
				TargetAttributes = {
					13CBF7E21EAA369200D7AA12 = {
						CreatedOnToolsVersion = 8.3.1;
						LastSwiftMigration = 1130;
						ProvisioningStyle = Automatic;
					};
				};
			};
			buildConfigurationList = 13CBF7DE1EAA369200D7AA12 /* Build configuration list for PBXProject "SwiftML" */;
			compatibilityVersion = "Xcode 3.2";
			developmentRegion = en;
			hasScannedForEncodings = 0;
			knownRegions = (
				en,
				Base,
			);
			mainGroup = 13CBF7DA1EAA369200D7AA12;
			productRefGroup = 13CBF7E41EAA369200D7AA12 /* Products */;
			projectDirPath = "";
			projectRoot = "";
			targets = (
				13CBF7E21EAA369200D7AA12 /* SwiftML */,
			);
		};
/* End PBXProject section */

/* Begin PBXSourcesBuildPhase section */
		13CBF7DF1EAA369200D7AA12 /* Sources */ = {
			isa = PBXSourcesBuildPhase;
			buildActionMask = 2147483647;
			files = (
				13CBF7FA1EAA36BB00D7AA12 /* scanner.swift in Sources */,
				13CBF7F61EAA36BB00D7AA12 /* repl.swift in Sources */,
				13CBF7F91EAA36BB00D7AA12 /* term.swift in Sources */,
				13BBE5D71EAD288B00DA18BA /* elaborator.swift in Sources */,
				1367B2C91EAA44E3002054BF /* annotate.swift in Sources */,
				1301812C1EACFF0F00226BF4 /* type.swift in Sources */,
				13B32D6C1EAEC17A004DD130 /* type-error.swift in Sources */,
				13CBF7F51EAA36BB00D7AA12 /* parser.swift in Sources */,
				136A19581EABD74C00CF071B /* unifier.swift in Sources */,
				1301812E1EAD000D00226BF4 /* value.swift in Sources */,
				13CBF7F81EAA36BB00D7AA12 /* stdlib.swift in Sources */,
				13CBF7F71EAA36BB00D7AA12 /* result.swift in Sources */,
				13CBF7F41EAA36BB00D7AA12 /* main.swift in Sources */,
				1329B1641EAC5521009E4AB9 /* dictionary.swift in Sources */,
				1301812A1EACF8B100226BF4 /* substitution.swift in Sources */,
				13A66E571EABC7D3001BF4B4 /* constrain.swift in Sources */,
			);
			runOnlyForDeploymentPostprocessing = 0;
		};
/* End PBXSourcesBuildPhase section */

/* Begin XCBuildConfiguration section */
		13CBF7E81EAA369200D7AA12 /* Debug */ = {
			isa = XCBuildConfiguration;
			buildSettings = {
				ALWAYS_SEARCH_USER_PATHS = NO;
				CLANG_ANALYZER_LOCALIZABILITY_NONLOCALIZED = YES;
				CLANG_ANALYZER_NONNULL = YES;
				CLANG_ANALYZER_NUMBER_OBJECT_CONVERSION = YES_AGGRESSIVE;
				CLANG_CXX_LANGUAGE_STANDARD = "gnu++0x";
				CLANG_CXX_LIBRARY = "libc++";
				CLANG_ENABLE_MODULES = YES;
				CLANG_ENABLE_OBJC_ARC = YES;
				CLANG_WARN_BLOCK_CAPTURE_AUTORELEASING = YES;
				CLANG_WARN_BOOL_CONVERSION = YES;
				CLANG_WARN_COMMA = YES;
				CLANG_WARN_CONSTANT_CONVERSION = YES;
				CLANG_WARN_DEPRECATED_OBJC_IMPLEMENTATIONS = YES;
				CLANG_WARN_DIRECT_OBJC_ISA_USAGE = YES_ERROR;
				CLANG_WARN_DOCUMENTATION_COMMENTS = YES;
				CLANG_WARN_EMPTY_BODY = YES;
				CLANG_WARN_ENUM_CONVERSION = YES;
				CLANG_WARN_INFINITE_RECURSION = YES;
				CLANG_WARN_INT_CONVERSION = YES;
				CLANG_WARN_NON_LITERAL_NULL_CONVERSION = YES;
				CLANG_WARN_OBJC_IMPLICIT_RETAIN_SELF = YES;
				CLANG_WARN_OBJC_LITERAL_CONVERSION = YES;
				CLANG_WARN_OBJC_ROOT_CLASS = YES_ERROR;
				CLANG_WARN_QUOTED_INCLUDE_IN_FRAMEWORK_HEADER = YES;
				CLANG_WARN_RANGE_LOOP_ANALYSIS = YES;
				CLANG_WARN_STRICT_PROTOTYPES = YES;
				CLANG_WARN_SUSPICIOUS_MOVE = YES;
				CLANG_WARN_UNREACHABLE_CODE = YES;
				CLANG_WARN__DUPLICATE_METHOD_MATCH = YES;
				CODE_SIGN_IDENTITY = "-";
				COPY_PHASE_STRIP = NO;
				DEBUG_INFORMATION_FORMAT = dwarf;
				ENABLE_STRICT_OBJC_MSGSEND = YES;
				ENABLE_TESTABILITY = YES;
				GCC_C_LANGUAGE_STANDARD = gnu99;
				GCC_DYNAMIC_NO_PIC = NO;
				GCC_NO_COMMON_BLOCKS = YES;
				GCC_OPTIMIZATION_LEVEL = 0;
				GCC_PREPROCESSOR_DEFINITIONS = (
					"DEBUG=1",
					"$(inherited)",
				);
				GCC_WARN_64_TO_32_BIT_CONVERSION = YES;
				GCC_WARN_ABOUT_RETURN_TYPE = YES_ERROR;
				GCC_WARN_UNDECLARED_SELECTOR = YES;
				GCC_WARN_UNINITIALIZED_AUTOS = YES_AGGRESSIVE;
				GCC_WARN_UNUSED_FUNCTION = YES;
				GCC_WARN_UNUSED_VARIABLE = YES;
				MACOSX_DEPLOYMENT_TARGET = 10.12;
				MTL_ENABLE_DEBUG_INFO = YES;
				ONLY_ACTIVE_ARCH = YES;
				SDKROOT = macosx;
				SWIFT_OPTIMIZATION_LEVEL = "-Onone";
				SWIFT_SWIFT3_OBJC_INFERENCE = Off;
			};
			name = Debug;
		};
		13CBF7E91EAA369200D7AA12 /* Release */ = {
			isa = XCBuildConfiguration;
			buildSettings = {
				ALWAYS_SEARCH_USER_PATHS = NO;
				CLANG_ANALYZER_LOCALIZABILITY_NONLOCALIZED = YES;
				CLANG_ANALYZER_NONNULL = YES;
				CLANG_ANALYZER_NUMBER_OBJECT_CONVERSION = YES_AGGRESSIVE;
				CLANG_CXX_LANGUAGE_STANDARD = "gnu++0x";
				CLANG_CXX_LIBRARY = "libc++";
				CLANG_ENABLE_MODULES = YES;
				CLANG_ENABLE_OBJC_ARC = YES;
				CLANG_WARN_BLOCK_CAPTURE_AUTORELEASING = YES;
				CLANG_WARN_BOOL_CONVERSION = YES;
				CLANG_WARN_COMMA = YES;
				CLANG_WARN_CONSTANT_CONVERSION = YES;
				CLANG_WARN_DEPRECATED_OBJC_IMPLEMENTATIONS = YES;
				CLANG_WARN_DIRECT_OBJC_ISA_USAGE = YES_ERROR;
				CLANG_WARN_DOCUMENTATION_COMMENTS = YES;
				CLANG_WARN_EMPTY_BODY = YES;
				CLANG_WARN_ENUM_CONVERSION = YES;
				CLANG_WARN_INFINITE_RECURSION = YES;
				CLANG_WARN_INT_CONVERSION = YES;
				CLANG_WARN_NON_LITERAL_NULL_CONVERSION = YES;
				CLANG_WARN_OBJC_IMPLICIT_RETAIN_SELF = YES;
				CLANG_WARN_OBJC_LITERAL_CONVERSION = YES;
				CLANG_WARN_OBJC_ROOT_CLASS = YES_ERROR;
				CLANG_WARN_QUOTED_INCLUDE_IN_FRAMEWORK_HEADER = YES;
				CLANG_WARN_RANGE_LOOP_ANALYSIS = YES;
				CLANG_WARN_STRICT_PROTOTYPES = YES;
				CLANG_WARN_SUSPICIOUS_MOVE = YES;
				CLANG_WARN_UNREACHABLE_CODE = YES;
				CLANG_WARN__DUPLICATE_METHOD_MATCH = YES;
				CODE_SIGN_IDENTITY = "-";
				COPY_PHASE_STRIP = NO;
				DEBUG_INFORMATION_FORMAT = "dwarf-with-dsym";
				ENABLE_NS_ASSERTIONS = NO;
				ENABLE_STRICT_OBJC_MSGSEND = YES;
				GCC_C_LANGUAGE_STANDARD = gnu99;
				GCC_NO_COMMON_BLOCKS = YES;
				GCC_WARN_64_TO_32_BIT_CONVERSION = YES;
				GCC_WARN_ABOUT_RETURN_TYPE = YES_ERROR;
				GCC_WARN_UNDECLARED_SELECTOR = YES;
				GCC_WARN_UNINITIALIZED_AUTOS = YES_AGGRESSIVE;
				GCC_WARN_UNUSED_FUNCTION = YES;
				GCC_WARN_UNUSED_VARIABLE = YES;
				MACOSX_DEPLOYMENT_TARGET = 10.12;
				MTL_ENABLE_DEBUG_INFO = NO;
				SDKROOT = macosx;
				SWIFT_OPTIMIZATION_LEVEL = "-Owholemodule";
				SWIFT_SWIFT3_OBJC_INFERENCE = Off;
			};
			name = Release;
		};
		13CBF7EB1EAA369200D7AA12 /* Debug */ = {
			isa = XCBuildConfiguration;
			buildSettings = {
				CLANG_ENABLE_MODULES = YES;
				CODE_SIGN_IDENTITY = "-";
				LD_RUNPATH_SEARCH_PATHS = "$(inherited) @executable_path/../Frameworks @loader_path/../Frameworks";
				PRODUCT_NAME = "$(TARGET_NAME)";
				SWIFT_OPTIMIZATION_LEVEL = "-Onone";
				SWIFT_SWIFT3_OBJC_INFERENCE = Default;
				SWIFT_VERSION = 5.0;
			};
			name = Debug;
		};
		13CBF7EC1EAA369200D7AA12 /* Release */ = {
			isa = XCBuildConfiguration;
			buildSettings = {
				CLANG_ENABLE_MODULES = YES;
				CODE_SIGN_IDENTITY = "-";
				LD_RUNPATH_SEARCH_PATHS = "$(inherited) @executable_path/../Frameworks @loader_path/../Frameworks";
				PRODUCT_NAME = "$(TARGET_NAME)";
				SWIFT_SWIFT3_OBJC_INFERENCE = Default;
				SWIFT_VERSION = 5.0;
			};
			name = Release;
		};
/* End XCBuildConfiguration section */

/* Begin XCConfigurationList section */
		13CBF7DE1EAA369200D7AA12 /* Build configuration list for PBXProject "SwiftML" */ = {
			isa = XCConfigurationList;
			buildConfigurations = (
				13CBF7E81EAA369200D7AA12 /* Debug */,
				13CBF7E91EAA369200D7AA12 /* Release */,
			);
			defaultConfigurationIsVisible = 0;
			defaultConfigurationName = Release;
		};
		13CBF7EA1EAA369200D7AA12 /* Build configuration list for PBXNativeTarget "SwiftML" */ = {
			isa = XCConfigurationList;
			buildConfigurations = (
				13CBF7EB1EAA369200D7AA12 /* Debug */,
				13CBF7EC1EAA369200D7AA12 /* Release */,
			);
			defaultConfigurationIsVisible = 0;
			defaultConfigurationName = Release;
		};
/* End XCConfigurationList section */
	};
	rootObject = 13CBF7DB1EAA369200D7AA12 /* Project object */;
}
